// !$*UTF8*$!
{
	archiveVersion = 1;
	classes = {
	};
	objectVersion = 50;
	objects = {

/* Begin PBXBuildFile section */
		33FE205E25C5356E0012DB57 /* AppDelegate.swift in Sources */ = {isa = PBXBuildFile; fileRef = 33FE205D25C5356E0012DB57 /* AppDelegate.swift */; };
		33FE206025C5356E0012DB57 /* SceneDelegate.swift in Sources */ = {isa = PBXBuildFile; fileRef = 33FE205F25C5356E0012DB57 /* SceneDelegate.swift */; };
		33FE206225C5356E0012DB57 /* ViewController.swift in Sources */ = {isa = PBXBuildFile; fileRef = 33FE206125C5356E0012DB57 /* ViewController.swift */; };
		33FE206525C5356E0012DB57 /* Main.storyboard in Resources */ = {isa = PBXBuildFile; fileRef = 33FE206325C5356E0012DB57 /* Main.storyboard */; };
		33FE206725C535700012DB57 /* Assets.xcassets in Resources */ = {isa = PBXBuildFile; fileRef = 33FE206625C535700012DB57 /* Assets.xcassets */; };
		33FE206A25C535700012DB57 /* LaunchScreen.storyboard in Resources */ = {isa = PBXBuildFile; fileRef = 33FE206825C535700012DB57 /* LaunchScreen.storyboard */; };
		33FE207825C56A020012DB57 /* StonksManager.swift in Sources */ = {isa = PBXBuildFile; fileRef = 33FE207725C56A020012DB57 /* StonksManager.swift */; };
		33FE207B25C589E90012DB57 /* Company.swift in Sources */ = {isa = PBXBuildFile; fileRef = 33FE207A25C589E90012DB57 /* Company.swift */; };
		33FE207E25C6A63D0012DB57 /* CompanyResponse.swift in Sources */ = {isa = PBXBuildFile; fileRef = 33FE207D25C6A63D0012DB57 /* CompanyResponse.swift */; };
		9506356D25C6E28800D5C8A0 /* CompaniesModel.swift in Sources */ = {isa = PBXBuildFile; fileRef = 9506356C25C6E28800D5C8A0 /* CompaniesModel.swift */; };
/* End PBXBuildFile section */

/* Begin PBXFileReference section */
		33FE205A25C5356E0012DB57 /* Stonks.app */ = {isa = PBXFileReference; explicitFileType = wrapper.application; includeInIndex = 0; path = Stonks.app; sourceTree = BUILT_PRODUCTS_DIR; };
		33FE205D25C5356E0012DB57 /* AppDelegate.swift */ = {isa = PBXFileReference; lastKnownFileType = sourcecode.swift; path = AppDelegate.swift; sourceTree = "<group>"; };
		33FE205F25C5356E0012DB57 /* SceneDelegate.swift */ = {isa = PBXFileReference; lastKnownFileType = sourcecode.swift; path = SceneDelegate.swift; sourceTree = "<group>"; };
		33FE206125C5356E0012DB57 /* ViewController.swift */ = {isa = PBXFileReference; lastKnownFileType = sourcecode.swift; path = ViewController.swift; sourceTree = "<group>"; };
		33FE206425C5356E0012DB57 /* Base */ = {isa = PBXFileReference; lastKnownFileType = file.storyboard; name = Base; path = Base.lproj/Main.storyboard; sourceTree = "<group>"; };
		33FE206625C535700012DB57 /* Assets.xcassets */ = {isa = PBXFileReference; lastKnownFileType = folder.assetcatalog; path = Assets.xcassets; sourceTree = "<group>"; };
		33FE206925C535700012DB57 /* Base */ = {isa = PBXFileReference; lastKnownFileType = file.storyboard; name = Base; path = Base.lproj/LaunchScreen.storyboard; sourceTree = "<group>"; };
		33FE206B25C535700012DB57 /* Info.plist */ = {isa = PBXFileReference; lastKnownFileType = text.plist.xml; path = Info.plist; sourceTree = "<group>"; };
		33FE207725C56A020012DB57 /* StonksManager.swift */ = {isa = PBXFileReference; lastKnownFileType = sourcecode.swift; path = StonksManager.swift; sourceTree = "<group>"; };
		33FE207A25C589E90012DB57 /* Company.swift */ = {isa = PBXFileReference; lastKnownFileType = sourcecode.swift; path = Company.swift; sourceTree = "<group>"; };
		33FE207D25C6A63D0012DB57 /* CompanyResponse.swift */ = {isa = PBXFileReference; lastKnownFileType = sourcecode.swift; path = CompanyResponse.swift; sourceTree = "<group>"; };
		9506356C25C6E28800D5C8A0 /* CompaniesModel.swift */ = {isa = PBXFileReference; lastKnownFileType = sourcecode.swift; path = CompaniesModel.swift; sourceTree = "<group>"; };
/* End PBXFileReference section */

/* Begin PBXFrameworksBuildPhase section */
		33FE205725C5356E0012DB57 /* Frameworks */ = {
			isa = PBXFrameworksBuildPhase;
			buildActionMask = 2147483647;
			files = (
			);
			runOnlyForDeploymentPostprocessing = 0;
		};
/* End PBXFrameworksBuildPhase section */

/* Begin PBXGroup section */
		33FE205125C5356E0012DB57 = {
			isa = PBXGroup;
			children = (
				33FE205C25C5356E0012DB57 /* Stonks */,
				33FE205B25C5356E0012DB57 /* Products */,
			);
			sourceTree = "<group>";
		};
		33FE205B25C5356E0012DB57 /* Products */ = {
			isa = PBXGroup;
			children = (
				33FE205A25C5356E0012DB57 /* Stonks.app */,
			);
			name = Products;
			sourceTree = "<group>";
		};
		33FE205C25C5356E0012DB57 /* Stonks */ = {
			isa = PBXGroup;
			children = (
				33FE205D25C5356E0012DB57 /* AppDelegate.swift */,
				33FE205F25C5356E0012DB57 /* SceneDelegate.swift */,
				33FE207325C535880012DB57 /* Model */,
				33FE207225C535800012DB57 /* View */,
				33FE207425C535970012DB57 /* Controller */,
				33FE206625C535700012DB57 /* Assets.xcassets */,
				33FE206825C535700012DB57 /* LaunchScreen.storyboard */,
				33FE206B25C535700012DB57 /* Info.plist */,
			);
			path = Stonks;
			sourceTree = "<group>";
		};
		33FE207225C535800012DB57 /* View */ = {
			isa = PBXGroup;
			children = (
				33FE206325C5356E0012DB57 /* Main.storyboard */,
			);
			path = View;
			sourceTree = "<group>";
		};
		33FE207325C535880012DB57 /* Model */ = {
			isa = PBXGroup;
			children = (
				33FE207725C56A020012DB57 /* StonksManager.swift */,
				33FE207A25C589E90012DB57 /* Company.swift */,
				33FE207D25C6A63D0012DB57 /* CompanyResponse.swift */,
				9506356C25C6E28800D5C8A0 /* CompaniesModel.swift */,
			);
			path = Model;
			sourceTree = "<group>";
		};
		33FE207425C535970012DB57 /* Controller */ = {
			isa = PBXGroup;
			children = (
				33FE206125C5356E0012DB57 /* ViewController.swift */,
			);
			path = Controller;
			sourceTree = "<group>";
		};
/* End PBXGroup section */

/* Begin PBXNativeTarget section */
		33FE205925C5356E0012DB57 /* Stonks */ = {
			isa = PBXNativeTarget;
			buildConfigurationList = 33FE206E25C535700012DB57 /* Build configuration list for PBXNativeTarget "Stonks" */;
			buildPhases = (
				33FE205625C5356E0012DB57 /* Sources */,
				33FE205725C5356E0012DB57 /* Frameworks */,
				33FE205825C5356E0012DB57 /* Resources */,
			);
			buildRules = (
			);
			dependencies = (
			);
			name = Stonks;
			productName = Stonks;
			productReference = 33FE205A25C5356E0012DB57 /* Stonks.app */;
			productType = "com.apple.product-type.application";
		};
/* End PBXNativeTarget section */

/* Begin PBXProject section */
		33FE205225C5356E0012DB57 /* Project object */ = {
			isa = PBXProject;
			attributes = {
				LastSwiftUpdateCheck = 1220;
				LastUpgradeCheck = 1220;
				TargetAttributes = {
					33FE205925C5356E0012DB57 = {
						CreatedOnToolsVersion = 12.2;
					};
				};
			};
			buildConfigurationList = 33FE205525C5356E0012DB57 /* Build configuration list for PBXProject "Stonks" */;
			compatibilityVersion = "Xcode 9.3";
			developmentRegion = en;
			hasScannedForEncodings = 0;
			knownRegions = (
				en,
				Base,
			);
			mainGroup = 33FE205125C5356E0012DB57;
			productRefGroup = 33FE205B25C5356E0012DB57 /* Products */;
			projectDirPath = "";
			projectRoot = "";
			targets = (
				33FE205925C5356E0012DB57 /* Stonks */,
			);
		};
/* End PBXProject section */

/* Begin PBXResourcesBuildPhase section */
		33FE205825C5356E0012DB57 /* Resources */ = {
			isa = PBXResourcesBuildPhase;
			buildActionMask = 2147483647;
			files = (
				33FE206A25C535700012DB57 /* LaunchScreen.storyboard in Resources */,
				33FE206725C535700012DB57 /* Assets.xcassets in Resources */,
				33FE206525C5356E0012DB57 /* Main.storyboard in Resources */,
			);
			runOnlyForDeploymentPostprocessing = 0;
		};
/* End PBXResourcesBuildPhase section */

/* Begin PBXSourcesBuildPhase section */
		33FE205625C5356E0012DB57 /* Sources */ = {
			isa = PBXSourcesBuildPhase;
			buildActionMask = 2147483647;
			files = (
				33FE206225C5356E0012DB57 /* ViewController.swift in Sources */,
				33FE205E25C5356E0012DB57 /* AppDelegate.swift in Sources */,
				33FE206025C5356E0012DB57 /* SceneDelegate.swift in Sources */,
				9506356D25C6E28800D5C8A0 /* CompaniesModel.swift in Sources */,
				33FE207E25C6A63D0012DB57 /* CompanyResponse.swift in Sources */,
				33FE207B25C589E90012DB57 /* Company.swift in Sources */,
				33FE207825C56A020012DB57 /* StonksManager.swift in Sources */,
			);
			runOnlyForDeploymentPostprocessing = 0;
		};
/* End PBXSourcesBuildPhase section */

/* Begin PBXVariantGroup section */
		33FE206325C5356E0012DB57 /* Main.storyboard */ = {
			isa = PBXVariantGroup;
			children = (
				33FE206425C5356E0012DB57 /* Base */,
			);
			name = Main.storyboard;
			sourceTree = "<group>";
		};
		33FE206825C535700012DB57 /* LaunchScreen.storyboard */ = {
			isa = PBXVariantGroup;
			children = (
				33FE206925C535700012DB57 /* Base */,
			);
			name = LaunchScreen.storyboard;
			sourceTree = "<group>";
		};
/* End PBXVariantGroup section */

/* Begin XCBuildConfiguration section */
		33FE206C25C535700012DB57 /* Debug */ = {
			isa = XCBuildConfiguration;
			buildSettings = {
				ALWAYS_SEARCH_USER_PATHS = NO;
				CLANG_ANALYZER_NONNULL = YES;
				CLANG_ANALYZER_NUMBER_OBJECT_CONVERSION = YES_AGGRESSIVE;
				CLANG_CXX_LANGUAGE_STANDARD = "gnu++14";
				CLANG_CXX_LIBRARY = "libc++";
				CLANG_ENABLE_MODULES = YES;
				CLANG_ENABLE_OBJC_ARC = YES;
				CLANG_ENABLE_OBJC_WEAK = YES;
				CLANG_WARN_BLOCK_CAPTURE_AUTORELEASING = YES;
				CLANG_WARN_BOOL_CONVERSION = YES;
				CLANG_WARN_COMMA = YES;
				CLANG_WARN_CONSTANT_CONVERSION = YES;
				CLANG_WARN_DEPRECATED_OBJC_IMPLEMENTATIONS = YES;
				CLANG_WARN_DIRECT_OBJC_ISA_USAGE = YES_ERROR;
				CLANG_WARN_DOCUMENTATION_COMMENTS = YES;
				CLANG_WARN_EMPTY_BODY = YES;
				CLANG_WARN_ENUM_CONVERSION = YES;
				CLANG_WARN_INFINITE_RECURSION = YES;
				CLANG_WARN_INT_CONVERSION = YES;
				CLANG_WARN_NON_LITERAL_NULL_CONVERSION = YES;
				CLANG_WARN_OBJC_IMPLICIT_RETAIN_SELF = YES;
				CLANG_WARN_OBJC_LITERAL_CONVERSION = YES;
				CLANG_WARN_OBJC_ROOT_CLASS = YES_ERROR;
				CLANG_WARN_QUOTED_INCLUDE_IN_FRAMEWORK_HEADER = YES;
				CLANG_WARN_RANGE_LOOP_ANALYSIS = YES;
				CLANG_WARN_STRICT_PROTOTYPES = YES;
				CLANG_WARN_SUSPICIOUS_MOVE = YES;
				CLANG_WARN_UNGUARDED_AVAILABILITY = YES_AGGRESSIVE;
				CLANG_WARN_UNREACHABLE_CODE = YES;
				CLANG_WARN__DUPLICATE_METHOD_MATCH = YES;
				COPY_PHASE_STRIP = NO;
				DEBUG_INFORMATION_FORMAT = dwarf;
				ENABLE_STRICT_OBJC_MSGSEND = YES;
				ENABLE_TESTABILITY = YES;
				GCC_C_LANGUAGE_STANDARD = gnu11;
				GCC_DYNAMIC_NO_PIC = NO;
				GCC_NO_COMMON_BLOCKS = YES;
				GCC_OPTIMIZATION_LEVEL = 0;
				GCC_PREPROCESSOR_DEFINITIONS = (
					"DEBUG=1",
					"$(inherited)",
				);
				GCC_WARN_64_TO_32_BIT_CONVERSION = YES;
				GCC_WARN_ABOUT_RETURN_TYPE = YES_ERROR;
				GCC_WARN_UNDECLARED_SELECTOR = YES;
				GCC_WARN_UNINITIALIZED_AUTOS = YES_AGGRESSIVE;
				GCC_WARN_UNUSED_FUNCTION = YES;
				GCC_WARN_UNUSED_VARIABLE = YES;
				IPHONEOS_DEPLOYMENT_TARGET = 14.2;
				MTL_ENABLE_DEBUG_INFO = INCLUDE_SOURCE;
				MTL_FAST_MATH = YES;
				ONLY_ACTIVE_ARCH = YES;
				SDKROOT = iphoneos;
				SWIFT_ACTIVE_COMPILATION_CONDITIONS = DEBUG;
				SWIFT_OPTIMIZATION_LEVEL = "-Onone";
			};
			name = Debug;
		};
		33FE206D25C535700012DB57 /* Release */ = {
			isa = XCBuildConfiguration;
			buildSettings = {
				ALWAYS_SEARCH_USER_PATHS = NO;
				CLANG_ANALYZER_NONNULL = YES;
				CLANG_ANALYZER_NUMBER_OBJECT_CONVERSION = YES_AGGRESSIVE;
				CLANG_CXX_LANGUAGE_STANDARD = "gnu++14";
				CLANG_CXX_LIBRARY = "libc++";
				CLANG_ENABLE_MODULES = YES;
				CLANG_ENABLE_OBJC_ARC = YES;
				CLANG_ENABLE_OBJC_WEAK = YES;
				CLANG_WARN_BLOCK_CAPTURE_AUTORELEASING = YES;
				CLANG_WARN_BOOL_CONVERSION = YES;
				CLANG_WARN_COMMA = YES;
				CLANG_WARN_CONSTANT_CONVERSION = YES;
				CLANG_WARN_DEPRECATED_OBJC_IMPLEMENTATIONS = YES;
				CLANG_WARN_DIRECT_OBJC_ISA_USAGE = YES_ERROR;
				CLANG_WARN_DOCUMENTATION_COMMENTS = YES;
				CLANG_WARN_EMPTY_BODY = YES;
				CLANG_WARN_ENUM_CONVERSION = YES;
				CLANG_WARN_INFINITE_RECURSION = YES;
				CLANG_WARN_INT_CONVERSION = YES;
				CLANG_WARN_NON_LITERAL_NULL_CONVERSION = YES;
				CLANG_WARN_OBJC_IMPLICIT_RETAIN_SELF = YES;
				CLANG_WARN_OBJC_LITERAL_CONVERSION = YES;
				CLANG_WARN_OBJC_ROOT_CLASS = YES_ERROR;
				CLANG_WARN_QUOTED_INCLUDE_IN_FRAMEWORK_HEADER = YES;
				CLANG_WARN_RANGE_LOOP_ANALYSIS = YES;
				CLANG_WARN_STRICT_PROTOTYPES = YES;
				CLANG_WARN_SUSPICIOUS_MOVE = YES;
				CLANG_WARN_UNGUARDED_AVAILABILITY = YES_AGGRESSIVE;
				CLANG_WARN_UNREACHABLE_CODE = YES;
				CLANG_WARN__DUPLICATE_METHOD_MATCH = YES;
				COPY_PHASE_STRIP = NO;
				DEBUG_INFORMATION_FORMAT = "dwarf-with-dsym";
				ENABLE_NS_ASSERTIONS = NO;
				ENABLE_STRICT_OBJC_MSGSEND = YES;
				GCC_C_LANGUAGE_STANDARD = gnu11;
				GCC_NO_COMMON_BLOCKS = YES;
				GCC_WARN_64_TO_32_BIT_CONVERSION = YES;
				GCC_WARN_ABOUT_RETURN_TYPE = YES_ERROR;
				GCC_WARN_UNDECLARED_SELECTOR = YES;
				GCC_WARN_UNINITIALIZED_AUTOS = YES_AGGRESSIVE;
				GCC_WARN_UNUSED_FUNCTION = YES;
				GCC_WARN_UNUSED_VARIABLE = YES;
				IPHONEOS_DEPLOYMENT_TARGET = 14.2;
				MTL_ENABLE_DEBUG_INFO = NO;
				MTL_FAST_MATH = YES;
				SDKROOT = iphoneos;
				SWIFT_COMPILATION_MODE = wholemodule;
				SWIFT_OPTIMIZATION_LEVEL = "-O";
				VALIDATE_PRODUCT = YES;
			};
			name = Release;
		};
		33FE206F25C535700012DB57 /* Debug */ = {
			isa = XCBuildConfiguration;
			buildSettings = {
				ASSETCATALOG_COMPILER_APPICON_NAME = AppIcon;
				ASSETCATALOG_COMPILER_GLOBAL_ACCENT_COLOR_NAME = AccentColor;
				CODE_SIGN_STYLE = Automatic;
				DEVELOPMENT_TEAM = 6BGHMQVV77;
				INFOPLIST_FILE = Stonks/Info.plist;
				IPHONEOS_DEPLOYMENT_TARGET = 14.0;
				LD_RUNPATH_SEARCH_PATHS = (
					"$(inherited)",
					"@executable_path/Frameworks",
				);
				PRODUCT_BUNDLE_IDENTIFIER = com.stazpopov.Stonk;
				PRODUCT_NAME = "$(TARGET_NAME)";
				SWIFT_VERSION = 5.0;
				TARGETED_DEVICE_FAMILY = "1,2";
			};
			name = Debug;
		};
		33FE207025C535700012DB57 /* Release */ = {
			isa = XCBuildConfiguration;
			buildSettings = {
				ASSETCATALOG_COMPILER_APPICON_NAME = AppIcon;
				ASSETCATALOG_COMPILER_GLOBAL_ACCENT_COLOR_NAME = AccentColor;
				CODE_SIGN_IDENTITY = "Apple Development";
				CODE_SIGN_STYLE = Automatic;
				DEVELOPMENT_TEAM = 6BGHMQVV77;
				INFOPLIST_FILE = Stonks/Info.plist;
				IPHONEOS_DEPLOYMENT_TARGET = 14.0;
				LD_RUNPATH_SEARCH_PATHS = (
					"$(inherited)",
					"@executable_path/Frameworks",
				);
				PRODUCT_BUNDLE_IDENTIFIER = com.stazpopov.Stonk;
				PRODUCT_NAME = "$(TARGET_NAME)";
				PROVISIONING_PROFILE_SPECIFIER = "";
				SWIFT_VERSION = 5.0;
				TARGETED_DEVICE_FAMILY = "1,2";
			};
			name = Release;
		};
/* End XCBuildConfiguration section */

/* Begin XCConfigurationList section */
		33FE205525C5356E0012DB57 /* Build configuration list for PBXProject "Stonks" */ = {
			isa = XCConfigurationList;
			buildConfigurations = (
				33FE206C25C535700012DB57 /* Debug */,
				33FE206D25C535700012DB57 /* Release */,
			);
			defaultConfigurationIsVisible = 0;
			defaultConfigurationName = Release;
		};
		33FE206E25C535700012DB57 /* Build configuration list for PBXNativeTarget "Stonks" */ = {
			isa = XCConfigurationList;
			buildConfigurations = (
				33FE206F25C535700012DB57 /* Debug */,
				33FE207025C535700012DB57 /* Release */,
			);
			defaultConfigurationIsVisible = 0;
			defaultConfigurationName = Release;
		};
/* End XCConfigurationList section */
	};
	rootObject = 33FE205225C5356E0012DB57 /* Project object */;
}
